
Microsoft Visual Studio Solution File, Format Version 12.00
Project("{FAE04EC0-301F-11D3-BF4B-00C04F79EFBC}") = "Application", "Application\Application.csproj", "{0201C907-02AF-4539-93D9-F3ED4273947B}"
EndProject
Project("{FAE04EC0-301F-11D3-BF4B-00C04F79EFBC}") = "Domain", "Domain\Domain.csproj", "{4FE52539-DD15-41F7-8EE0-E425C7A53DEF}"
EndProject
Project("{FAE04EC0-301F-11D3-BF4B-00C04F79EFBC}") = "Infrastructure", "Infrastructure\Infrastructure.csproj", "{63A0DF31-9697-44B7-AAFD-C39EB14A30F2}"
EndProject
Global
	GlobalSection(SolutionConfigurationPlatforms) = preSolution
		Debug|Any CPU = Debug|Any CPU
		Release|Any CPU = Release|Any CPU
	EndGlobalSection
	GlobalSection(ProjectConfigurationPlatforms) = postSolution
		{0201C907-02AF-4539-93D9-F3ED4273947B}.Debug|Any CPU.ActiveCfg = Debug|Any CPU
		{0201C907-02AF-4539-93D9-F3ED4273947B}.Debug|Any CPU.Build.0 = Debug|Any CPU
		{0201C907-02AF-4539-93D9-F3ED4273947B}.Release|Any CPU.ActiveCfg = Release|Any CPU
		{0201C907-02AF-4539-93D9-F3ED4273947B}.Release|Any CPU.Build.0 = Release|Any CPU
		{4FE52539-DD15-41F7-8EE0-E425C7A53DEF}.Debug|Any CPU.ActiveCfg = Debug|Any CPU
		{4FE52539-DD15-41F7-8EE0-E425C7A53DEF}.Debug|Any CPU.Build.0 = Debug|Any CPU
		{4FE52539-DD15-41F7-8EE0-E425C7A53DEF}.Release|Any CPU.ActiveCfg = Release|Any CPU
		{4FE52539-DD15-41F7-8EE0-E425C7A53DEF}.Release|Any CPU.Build.0 = Release|Any CPU
		{63A0DF31-9697-44B7-AAFD-C39EB14A30F2}.Debug|Any CPU.ActiveCfg = Debug|Any CPU
		{63A0DF31-9697-44B7-AAFD-C39EB14A30F2}.Debug|Any CPU.Build.0 = Debug|Any CPU
		{63A0DF31-9697-44B7-AAFD-C39EB14A30F2}.Release|Any CPU.ActiveCfg = Release|Any CPU
		{63A0DF31-9697-44B7-AAFD-C39EB14A30F2}.Release|Any CPU.Build.0 = Release|Any CPU
	EndGlobalSection
EndGlobal
